Microsoft Visual Studio Solution File, Format Version 12.00
# Visual Studio Version 16
VisualStudioVersion = 16.0.30611.23
MinimumVisualStudioVersion = 10.0.40219.1
Project("{FAE04EC0-301F-11D3-BF4B-00C04F79EFBC}") = "Lexer", "Lexer\Lexer.csproj", "{FDAA1E89-D961-44E9-9EA7-5D868D8DF71C}"
EndProject
Project("{9A19103F-16F7-4668-BE54-9A1E7A4F7556}") = "UnitTests", "UnitTests\UnitTests.csproj", "{5E057531-B255-4622-8593-49ED6822C263}"
	ProjectSection(ProjectDependencies) = postProject
		{E5B4BFB0-0ACA-42B2-B7CF-F1C9D15B8DB5} = {E5B4BFB0-0ACA-42B2-B7CF-F1C9D15B8DB5}
	EndProjectSection
EndProject
Project("{FAE04EC0-301F-11D3-BF4B-00C04F79EFBC}") = "Parser", "Parser\Parser.csproj", "{E5B4BFB0-0ACA-42B2-B7CF-F1C9D15B8DB5}"
	ProjectSection(ProjectDependencies) = postProject
		{FDAA1E89-D961-44E9-9EA7-5D868D8DF71C} = {FDAA1E89-D961-44E9-9EA7-5D868D8DF71C}
	EndProjectSection
EndProject
Global
	GlobalSection(SolutionConfigurationPlatforms) = preSolution
		Debug|Any CPU = Debug|Any CPU
		Release|Any CPU = Release|Any CPU
	EndGlobalSection
	GlobalSection(ProjectConfigurationPlatforms) = postSolution
		{FDAA1E89-D961-44E9-9EA7-5D868D8DF71C}.Debug|Any CPU.ActiveCfg = Debug|Any CPU
		{FDAA1E89-D961-44E9-9EA7-5D868D8DF71C}.Debug|Any CPU.Build.0 = Debug|Any CPU
		{FDAA1E89-D961-44E9-9EA7-5D868D8DF71C}.Release|Any CPU.ActiveCfg = Release|Any CPU
		{FDAA1E89-D961-44E9-9EA7-5D868D8DF71C}.Release|Any CPU.Build.0 = Release|Any CPU
		{5E057531-B255-4622-8593-49ED6822C263}.Debug|Any CPU.ActiveCfg = Debug|Any CPU
		{5E057531-B255-4622-8593-49ED6822C263}.Debug|Any CPU.Build.0 = Debug|Any CPU
		{5E057531-B255-4622-8593-49ED6822C263}.Release|Any CPU.ActiveCfg = Release|Any CPU
		{5E057531-B255-4622-8593-49ED6822C263}.Release|Any CPU.Build.0 = Release|Any CPU
		{E5B4BFB0-0ACA-42B2-B7CF-F1C9D15B8DB5}.Debug|Any CPU.ActiveCfg = Debug|Any CPU
		{E5B4BFB0-0ACA-42B2-B7CF-F1C9D15B8DB5}.Debug|Any CPU.Build.0 = Debug|Any CPU
		{E5B4BFB0-0ACA-42B2-B7CF-F1C9D15B8DB5}.Release|Any CPU.ActiveCfg = Release|Any CPU
		{E5B4BFB0-0ACA-42B2-B7CF-F1C9D15B8DB5}.Release|Any CPU.Build.0 = Release|Any CPU
	EndGlobalSection
	GlobalSection(SolutionProperties) = preSolution
		HideSolutionNode = FALSE
	EndGlobalSection
	GlobalSection(ExtensibilityGlobals) = postSolution
		SolutionGuid = {450F1799-A11F-4A42-866B-557EE745AE30}
	EndGlobalSection
EndGlobal
